
Microsoft Visual Studio Solution File, Format Version 12.00
# Visual Studio Version 16
VisualStudioVersion = 16.0.31515.178
MinimumVisualStudioVersion = 10.0.40219.1
Project("{FAE04EC0-301F-11D3-BF4B-00C04F79EFBC}") = "TutoringSystem.API", "TutoringSystemAPI\TutoringSystem.API.csproj", "{90F8D547-EC06-4BA9-88F0-5221B5BCE6E1}"
EndProject
Project("{FAE04EC0-301F-11D3-BF4B-00C04F79EFBC}") = "TutoringSystem.Domain", "TutoringSystem.Domain\TutoringSystem.Domain.csproj", "{748FDCAA-C6D0-45AA-ACD1-3762107832F0}"
EndProject
Project("{FAE04EC0-301F-11D3-BF4B-00C04F79EFBC}") = "TutoringSystem.Infrastructure", "TutoringSystem.Infrastructure\TutoringSystem.Infrastructure.csproj", "{CF3CC255-A247-4AFB-BF2B-33CFAA5D5648}"
EndProject
Project("{FAE04EC0-301F-11D3-BF4B-00C04F79EFBC}") = "TutoringSystem.Application", "TutoringSystem.Application\TutoringSystem.Application.csproj", "{F18B0B94-1010-4064-B57D-817A638450C8}"
EndProject
Global
	GlobalSection(SolutionConfigurationPlatforms) = preSolution
		Debug|Any CPU = Debug|Any CPU
		Release|Any CPU = Release|Any CPU
	EndGlobalSection
	GlobalSection(ProjectConfigurationPlatforms) = postSolution
		{90F8D547-EC06-4BA9-88F0-5221B5BCE6E1}.Debug|Any CPU.ActiveCfg = Debug|Any CPU
		{90F8D547-EC06-4BA9-88F0-5221B5BCE6E1}.Debug|Any CPU.Build.0 = Debug|Any CPU
		{90F8D547-EC06-4BA9-88F0-5221B5BCE6E1}.Release|Any CPU.ActiveCfg = Release|Any CPU
		{90F8D547-EC06-4BA9-88F0-5221B5BCE6E1}.Release|Any CPU.Build.0 = Release|Any CPU
		{748FDCAA-C6D0-45AA-ACD1-3762107832F0}.Debug|Any CPU.ActiveCfg = Debug|Any CPU
		{748FDCAA-C6D0-45AA-ACD1-3762107832F0}.Debug|Any CPU.Build.0 = Debug|Any CPU
		{748FDCAA-C6D0-45AA-ACD1-3762107832F0}.Release|Any CPU.ActiveCfg = Release|Any CPU
		{748FDCAA-C6D0-45AA-ACD1-3762107832F0}.Release|Any CPU.Build.0 = Release|Any CPU
		{CF3CC255-A247-4AFB-BF2B-33CFAA5D5648}.Debug|Any CPU.ActiveCfg = Debug|Any CPU
		{CF3CC255-A247-4AFB-BF2B-33CFAA5D5648}.Debug|Any CPU.Build.0 = Debug|Any CPU
		{CF3CC255-A247-4AFB-BF2B-33CFAA5D5648}.Release|Any CPU.ActiveCfg = Release|Any CPU
		{CF3CC255-A247-4AFB-BF2B-33CFAA5D5648}.Release|Any CPU.Build.0 = Release|Any CPU
		{F18B0B94-1010-4064-B57D-817A638450C8}.Debug|Any CPU.ActiveCfg = Debug|Any CPU
		{F18B0B94-1010-4064-B57D-817A638450C8}.Debug|Any CPU.Build.0 = Debug|Any CPU
		{F18B0B94-1010-4064-B57D-817A638450C8}.Release|Any CPU.ActiveCfg = Release|Any CPU
		{F18B0B94-1010-4064-B57D-817A638450C8}.Release|Any CPU.Build.0 = Release|Any CPU
	EndGlobalSection
	GlobalSection(SolutionProperties) = preSolution
		HideSolutionNode = FALSE
	EndGlobalSection
	GlobalSection(ExtensibilityGlobals) = postSolution
		SolutionGuid = {7271B068-6F26-40ED-BEC0-82EB6AEC2C75}
	EndGlobalSection
EndGlobal
